// !$*UTF8*$!
{
	archiveVersion = 1;
	classes = {
	};
	objectVersion = 46;
	objects = {

/* Begin PBXBuildFile section */
		B420277C1B42EA0E00982E40 /* NSObject+Reflection.m in Sources */ = {isa = PBXBuildFile; fileRef = B420277B1B42EA0E00982E40 /* NSObject+Reflection.m */; };
		B420277F1B43D7D300982E40 /* MirrorKit-Constants.m in Sources */ = {isa = PBXBuildFile; fileRef = B420277E1B43D7D300982E40 /* MirrorKit-Constants.m */; };
		B42027821B43DC7000982E40 /* NSString+Utilities.m in Sources */ = {isa = PBXBuildFile; fileRef = B42027811B43DC7000982E40 /* NSString+Utilities.m */; };
		B4C646771B425A1600B6A376 /* MKMethod.m in Sources */ = {isa = PBXBuildFile; fileRef = B4C646761B425A1600B6A376 /* MKMethod.m */; };
		B4C6467A1B425A2400B6A376 /* MKIVar.m in Sources */ = {isa = PBXBuildFile; fileRef = B4C646791B425A2400B6A376 /* MKIVar.m */; };
		B4C6467D1B425A2E00B6A376 /* MKProperty.m in Sources */ = {isa = PBXBuildFile; fileRef = B4C6467C1B425A2E00B6A376 /* MKProperty.m */; };
		B4C646801B425A3800B6A376 /* MKProtocol.m in Sources */ = {isa = PBXBuildFile; fileRef = B4C6467F1B425A3800B6A376 /* MKProtocol.m */; };
		B4C646831B425A5A00B6A376 /* MKCategory.m in Sources */ = {isa = PBXBuildFile; fileRef = B4C646821B425A5A00B6A376 /* MKCategory.m */; };
		B4C646861B425A6300B6A376 /* MKObject.m in Sources */ = {isa = PBXBuildFile; fileRef = B4C646851B425A6300B6A376 /* MKObject.m */; };
		B4C646891B425A9E00B6A376 /* MKClass.m in Sources */ = {isa = PBXBuildFile; fileRef = B4C646881B425A9E00B6A376 /* MKClass.m */; };
		B4D457DE1B4266ED00D60E27 /* TestRoot.m in Sources */ = {isa = PBXBuildFile; fileRef = B4D457DD1B4266ED00D60E27 /* TestRoot.m */; };
		B4D457E11B42670300D60E27 /* TestChild.m in Sources */ = {isa = PBXBuildFile; fileRef = B4D457E01B42670300D60E27 /* TestChild.m */; };
		B4D457E41B42672100D60E27 /* Test+Categories.m in Sources */ = {isa = PBXBuildFile; fileRef = B4D457E31B42672100D60E27 /* Test+Categories.m */; };
		B4EBB01E1B42560D00B8B398 /* main.m in Sources */ = {isa = PBXBuildFile; fileRef = B4EBB01D1B42560D00B8B398 /* main.m */; };
		B4EBB0261B42565400B8B398 /* MKMirror.m in Sources */ = {isa = PBXBuildFile; fileRef = B4EBB0251B42565400B8B398 /* MKMirror.m */; };
/* End PBXBuildFile section */

/* Begin PBXCopyFilesBuildPhase section */
		B4EBB0181B42560C00B8B398 /* CopyFiles */ = {
			isa = PBXCopyFilesBuildPhase;
			buildActionMask = 2147483647;
			dstPath = /usr/share/man/man1/;
			dstSubfolderSpec = 0;
			files = (
			);
			runOnlyForDeploymentPostprocessing = 1;
		};
/* End PBXCopyFilesBuildPhase section */

/* Begin PBXFileReference section */
		B420277A1B42EA0E00982E40 /* NSObject+Reflection.h */ = {isa = PBXFileReference; fileEncoding = 4; lastKnownFileType = sourcecode.c.h; name = "NSObject+Reflection.h"; path = "Categories/NSObject+Reflection.h"; sourceTree = "<group>"; };
		B420277B1B42EA0E00982E40 /* NSObject+Reflection.m */ = {isa = PBXFileReference; fileEncoding = 4; lastKnownFileType = sourcecode.c.objc; name = "NSObject+Reflection.m"; path = "Categories/NSObject+Reflection.m"; sourceTree = "<group>"; };
		B420277D1B43D7D300982E40 /* MirrorKit-Constants.h */ = {isa = PBXFileReference; fileEncoding = 4; lastKnownFileType = sourcecode.c.h; path = "MirrorKit-Constants.h"; sourceTree = "<group>"; };
		B420277E1B43D7D300982E40 /* MirrorKit-Constants.m */ = {isa = PBXFileReference; fileEncoding = 4; lastKnownFileType = sourcecode.c.objc; path = "MirrorKit-Constants.m"; sourceTree = "<group>"; };
		B42027801B43DC7000982E40 /* NSString+Utilities.h */ = {isa = PBXFileReference; fileEncoding = 4; lastKnownFileType = sourcecode.c.h; name = "NSString+Utilities.h"; path = "Categories/NSString+Utilities.h"; sourceTree = "<group>"; };
		B42027811B43DC7000982E40 /* NSString+Utilities.m */ = {isa = PBXFileReference; fileEncoding = 4; lastKnownFileType = sourcecode.c.objc; name = "NSString+Utilities.m"; path = "Categories/NSString+Utilities.m"; sourceTree = "<group>"; };
		B4C646751B425A1600B6A376 /* MKMethod.h */ = {isa = PBXFileReference; fileEncoding = 4; lastKnownFileType = sourcecode.c.h; name = MKMethod.h; path = Classes/MKMethod.h; sourceTree = "<group>"; };
		B4C646761B425A1600B6A376 /* MKMethod.m */ = {isa = PBXFileReference; fileEncoding = 4; lastKnownFileType = sourcecode.c.objc; name = MKMethod.m; path = Classes/MKMethod.m; sourceTree = "<group>"; };
		B4C646781B425A2400B6A376 /* MKIVar.h */ = {isa = PBXFileReference; fileEncoding = 4; lastKnownFileType = sourcecode.c.h; name = MKIVar.h; path = Classes/MKIVar.h; sourceTree = "<group>"; };
		B4C646791B425A2400B6A376 /* MKIVar.m */ = {isa = PBXFileReference; fileEncoding = 4; lastKnownFileType = sourcecode.c.objc; name = MKIVar.m; path = Classes/MKIVar.m; sourceTree = "<group>"; };
		B4C6467B1B425A2E00B6A376 /* MKProperty.h */ = {isa = PBXFileReference; fileEncoding = 4; lastKnownFileType = sourcecode.c.h; name = MKProperty.h; path = Classes/MKProperty.h; sourceTree = "<group>"; };
		B4C6467C1B425A2E00B6A376 /* MKProperty.m */ = {isa = PBXFileReference; fileEncoding = 4; lastKnownFileType = sourcecode.c.objc; name = MKProperty.m; path = Classes/MKProperty.m; sourceTree = "<group>"; };
		B4C6467E1B425A3700B6A376 /* MKProtocol.h */ = {isa = PBXFileReference; fileEncoding = 4; lastKnownFileType = sourcecode.c.h; name = MKProtocol.h; path = Classes/MKProtocol.h; sourceTree = "<group>"; };
		B4C6467F1B425A3800B6A376 /* MKProtocol.m */ = {isa = PBXFileReference; fileEncoding = 4; lastKnownFileType = sourcecode.c.objc; name = MKProtocol.m; path = Classes/MKProtocol.m; sourceTree = "<group>"; };
		B4C646811B425A5A00B6A376 /* MKCategory.h */ = {isa = PBXFileReference; fileEncoding = 4; lastKnownFileType = sourcecode.c.h; name = MKCategory.h; path = Classes/MKCategory.h; sourceTree = "<group>"; };
		B4C646821B425A5A00B6A376 /* MKCategory.m */ = {isa = PBXFileReference; fileEncoding = 4; lastKnownFileType = sourcecode.c.objc; name = MKCategory.m; path = Classes/MKCategory.m; sourceTree = "<group>"; };
		B4C646841B425A6300B6A376 /* MKObject.h */ = {isa = PBXFileReference; fileEncoding = 4; lastKnownFileType = sourcecode.c.h; name = MKObject.h; path = Classes/MKObject.h; sourceTree = "<group>"; };
		B4C646851B425A6300B6A376 /* MKObject.m */ = {isa = PBXFileReference; fileEncoding = 4; lastKnownFileType = sourcecode.c.objc; name = MKObject.m; path = Classes/MKObject.m; sourceTree = "<group>"; };
		B4C646871B425A9E00B6A376 /* MKClass.h */ = {isa = PBXFileReference; fileEncoding = 4; lastKnownFileType = sourcecode.c.h; name = MKClass.h; path = Classes/MKClass.h; sourceTree = "<group>"; };
		B4C646881B425A9E00B6A376 /* MKClass.m */ = {isa = PBXFileReference; fileEncoding = 4; lastKnownFileType = sourcecode.c.objc; name = MKClass.m; path = Classes/MKClass.m; sourceTree = "<group>"; };
		B4D457DC1B4266ED00D60E27 /* TestRoot.h */ = {isa = PBXFileReference; fileEncoding = 4; lastKnownFileType = sourcecode.c.h; path = TestRoot.h; sourceTree = "<group>"; };
		B4D457DD1B4266ED00D60E27 /* TestRoot.m */ = {isa = PBXFileReference; fileEncoding = 4; lastKnownFileType = sourcecode.c.objc; path = TestRoot.m; sourceTree = "<group>"; };
		B4D457DF1B42670300D60E27 /* TestChild.h */ = {isa = PBXFileReference; fileEncoding = 4; lastKnownFileType = sourcecode.c.h; path = TestChild.h; sourceTree = "<group>"; };
		B4D457E01B42670300D60E27 /* TestChild.m */ = {isa = PBXFileReference; fileEncoding = 4; lastKnownFileType = sourcecode.c.objc; path = TestChild.m; sourceTree = "<group>"; };
		B4D457E21B42672100D60E27 /* Test+Categories.h */ = {isa = PBXFileReference; fileEncoding = 4; lastKnownFileType = sourcecode.c.h; path = "Test+Categories.h"; sourceTree = "<group>"; };
		B4D457E31B42672100D60E27 /* Test+Categories.m */ = {isa = PBXFileReference; fileEncoding = 4; lastKnownFileType = sourcecode.c.objc; path = "Test+Categories.m"; sourceTree = "<group>"; };
		B4D457E51B42673000D60E27 /* TestProtocol.h */ = {isa = PBXFileReference; fileEncoding = 4; lastKnownFileType = sourcecode.c.h; path = TestProtocol.h; sourceTree = "<group>"; };
		B4D457E81B426B1200D60E27 /* MirrorKit.h */ = {isa = PBXFileReference; lastKnownFileType = sourcecode.c.h; path = MirrorKit.h; sourceTree = "<group>"; };
		B4EBB01A1B42560D00B8B398 /* MirrorKit */ = {isa = PBXFileReference; explicitFileType = "compiled.mach-o.executable"; includeInIndex = 0; path = MirrorKit; sourceTree = BUILT_PRODUCTS_DIR; };
		B4EBB01D1B42560D00B8B398 /* main.m */ = {isa = PBXFileReference; lastKnownFileType = sourcecode.c.objc; path = main.m; sourceTree = "<group>"; };
		B4EBB0241B42565400B8B398 /* MKMirror.h */ = {isa = PBXFileReference; fileEncoding = 4; lastKnownFileType = sourcecode.c.h; name = MKMirror.h; path = Classes/MKMirror.h; sourceTree = "<group>"; };
		B4EBB0251B42565400B8B398 /* MKMirror.m */ = {isa = PBXFileReference; fileEncoding = 4; lastKnownFileType = sourcecode.c.objc; name = MKMirror.m; path = Classes/MKMirror.m; sourceTree = "<group>"; };
/* End PBXFileReference section */

/* Begin PBXFrameworksBuildPhase section */
		B4EBB0171B42560C00B8B398 /* Frameworks */ = {
			isa = PBXFrameworksBuildPhase;
			buildActionMask = 2147483647;
			files = (
			);
			runOnlyForDeploymentPostprocessing = 0;
		};
/* End PBXFrameworksBuildPhase section */

/* Begin PBXGroup section */
		B4EBB0111B42560C00B8B398 = {
			isa = PBXGroup;
			children = (
				B4EBB01C1B42560D00B8B398 /* MirrorKit */,
				B4EBB01B1B42560D00B8B398 /* Products */,
			);
			sourceTree = "<group>";
		};
		B4EBB01B1B42560D00B8B398 /* Products */ = {
			isa = PBXGroup;
			children = (
				B4EBB01A1B42560D00B8B398 /* MirrorKit */,
			);
			name = Products;
			sourceTree = "<group>";
		};
		B4EBB01C1B42560D00B8B398 /* MirrorKit */ = {
			isa = PBXGroup;
			children = (
				B4EBB01D1B42560D00B8B398 /* main.m */,
				B4D457E81B426B1200D60E27 /* MirrorKit.h */,
				B420277D1B43D7D300982E40 /* MirrorKit-Constants.h */,
				B420277E1B43D7D300982E40 /* MirrorKit-Constants.m */,
				B4D457DC1B4266ED00D60E27 /* TestRoot.h */,
				B4D457DD1B4266ED00D60E27 /* TestRoot.m */,
				B4D457DF1B42670300D60E27 /* TestChild.h */,
				B4D457E01B42670300D60E27 /* TestChild.m */,
				B4D457E21B42672100D60E27 /* Test+Categories.h */,
				B4D457E31B42672100D60E27 /* Test+Categories.m */,
				B4D457E51B42673000D60E27 /* TestProtocol.h */,
				B4EBB0291B42568D00B8B398 /* Dependencies */,
				B4EBB0281B42568800B8B398 /* Categories */,
				B4EBB0271B42567D00B8B398 /* Classes */,
			);
			path = MirrorKit;
			sourceTree = "<group>";
		};
		B4EBB0271B42567D00B8B398 /* Classes */ = {
			isa = PBXGroup;
			children = (
				B4EBB0241B42565400B8B398 /* MKMirror.h */,
				B4EBB0251B42565400B8B398 /* MKMirror.m */,
				B4C646811B425A5A00B6A376 /* MKCategory.h */,
				B4C646821B425A5A00B6A376 /* MKCategory.m */,
				B4C646871B425A9E00B6A376 /* MKClass.h */,
				B4C646881B425A9E00B6A376 /* MKClass.m */,
				B4C646781B425A2400B6A376 /* MKIVar.h */,
				B4C646791B425A2400B6A376 /* MKIVar.m */,
				B4C646751B425A1600B6A376 /* MKMethod.h */,
				B4C646761B425A1600B6A376 /* MKMethod.m */,
				B4C646841B425A6300B6A376 /* MKObject.h */,
				B4C646851B425A6300B6A376 /* MKObject.m */,
				B4C6467B1B425A2E00B6A376 /* MKProperty.h */,
				B4C6467C1B425A2E00B6A376 /* MKProperty.m */,
				B4C6467E1B425A3700B6A376 /* MKProtocol.h */,
				B4C6467F1B425A3800B6A376 /* MKProtocol.m */,
			);
			name = Classes;
			sourceTree = "<group>";
		};
		B4EBB0281B42568800B8B398 /* Categories */ = {
			isa = PBXGroup;
			children = (
				B420277A1B42EA0E00982E40 /* NSObject+Reflection.h */,
				B420277B1B42EA0E00982E40 /* NSObject+Reflection.m */,
				B42027801B43DC7000982E40 /* NSString+Utilities.h */,
				B42027811B43DC7000982E40 /* NSString+Utilities.m */,
			);
			name = Categories;
			sourceTree = "<group>";
		};
		B4EBB0291B42568D00B8B398 /* Dependencies */ = {
			isa = PBXGroup;
			children = (
			);
			name = Dependencies;
			sourceTree = "<group>";
		};
/* End PBXGroup section */

/* Begin PBXNativeTarget section */
		B4EBB0191B42560C00B8B398 /* MirrorKit */ = {
			isa = PBXNativeTarget;
			buildConfigurationList = B4EBB0211B42560D00B8B398 /* Build configuration list for PBXNativeTarget "MirrorKit" */;
			buildPhases = (
				B4EBB0161B42560C00B8B398 /* Sources */,
				B4EBB0171B42560C00B8B398 /* Frameworks */,
				B4EBB0181B42560C00B8B398 /* CopyFiles */,
			);
			buildRules = (
			);
			dependencies = (
			);
			name = MirrorKit;
			productName = MirrorKit;
			productReference = B4EBB01A1B42560D00B8B398 /* MirrorKit */;
			productType = "com.apple.product-type.tool";
		};
/* End PBXNativeTarget section */

/* Begin PBXProject section */
		B4EBB0121B42560C00B8B398 /* Project object */ = {
			isa = PBXProject;
			attributes = {
				LastUpgradeCheck = 0630;
				ORGANIZATIONNAME = "Tanner Bennett";
				TargetAttributes = {
					B4EBB0191B42560C00B8B398 = {
						CreatedOnToolsVersion = 6.3.1;
					};
				};
			};
			buildConfigurationList = B4EBB0151B42560C00B8B398 /* Build configuration list for PBXProject "MirrorKit" */;
			compatibilityVersion = "Xcode 3.2";
			developmentRegion = English;
			hasScannedForEncodings = 0;
			knownRegions = (
				en,
			);
			mainGroup = B4EBB0111B42560C00B8B398;
			productRefGroup = B4EBB01B1B42560D00B8B398 /* Products */;
			projectDirPath = "";
			projectRoot = "";
			targets = (
				B4EBB0191B42560C00B8B398 /* MirrorKit */,
			);
		};
/* End PBXProject section */

/* Begin PBXSourcesBuildPhase section */
		B4EBB0161B42560C00B8B398 /* Sources */ = {
			isa = PBXSourcesBuildPhase;
			buildActionMask = 2147483647;
			files = (
				B4C6467D1B425A2E00B6A376 /* MKProperty.m in Sources */,
				B4C646771B425A1600B6A376 /* MKMethod.m in Sources */,
				B4C646831B425A5A00B6A376 /* MKCategory.m in Sources */,
				B4C6467A1B425A2400B6A376 /* MKIVar.m in Sources */,
				B4C646861B425A6300B6A376 /* MKObject.m in Sources */,
				B420277F1B43D7D300982E40 /* MirrorKit-Constants.m in Sources */,
				B4C646801B425A3800B6A376 /* MKProtocol.m in Sources */,
				B4EBB0261B42565400B8B398 /* MKMirror.m in Sources */,
				B4D457DE1B4266ED00D60E27 /* TestRoot.m in Sources */,
				B4D457E11B42670300D60E27 /* TestChild.m in Sources */,
				B4D457E41B42672100D60E27 /* Test+Categories.m in Sources */,
				B42027821B43DC7000982E40 /* NSString+Utilities.m in Sources */,
				B4C646891B425A9E00B6A376 /* MKClass.m in Sources */,
				B4EBB01E1B42560D00B8B398 /* main.m in Sources */,
				B420277C1B42EA0E00982E40 /* NSObject+Reflection.m in Sources */,
			);
			runOnlyForDeploymentPostprocessing = 0;
		};
/* End PBXSourcesBuildPhase section */

/* Begin XCBuildConfiguration section */
		B4EBB01F1B42560D00B8B398 /* Debug */ = {
			isa = XCBuildConfiguration;
			buildSettings = {
				ALWAYS_SEARCH_USER_PATHS = NO;
				CLANG_CXX_LANGUAGE_STANDARD = "gnu++0x";
				CLANG_CXX_LIBRARY = "libc++";
				CLANG_ENABLE_MODULES = YES;
				CLANG_ENABLE_OBJC_ARC = YES;
				CLANG_WARN_BOOL_CONVERSION = YES;
				CLANG_WARN_CONSTANT_CONVERSION = YES;
				CLANG_WARN_DIRECT_OBJC_ISA_USAGE = YES_ERROR;
				CLANG_WARN_EMPTY_BODY = YES;
				CLANG_WARN_ENUM_CONVERSION = YES;
				CLANG_WARN_INT_CONVERSION = YES;
				CLANG_WARN_OBJC_ROOT_CLASS = YES_ERROR;
				CLANG_WARN_UNREACHABLE_CODE = YES;
				CLANG_WARN__DUPLICATE_METHOD_MATCH = YES;
				COPY_PHASE_STRIP = NO;
				DEBUG_INFORMATION_FORMAT = dwarf;
				ENABLE_STRICT_OBJC_MSGSEND = YES;
				GCC_C_LANGUAGE_STANDARD = gnu99;
				GCC_DYNAMIC_NO_PIC = NO;
				GCC_NO_COMMON_BLOCKS = YES;
				GCC_OPTIMIZATION_LEVEL = 0;
				GCC_PREPROCESSOR_DEFINITIONS = (
					"DEBUG=1",
					"$(inherited)",
				);
				GCC_SYMBOLS_PRIVATE_EXTERN = NO;
				GCC_WARN_64_TO_32_BIT_CONVERSION = YES;
				GCC_WARN_ABOUT_RETURN_TYPE = YES_ERROR;
				GCC_WARN_UNDECLARED_SELECTOR = YES;
				GCC_WARN_UNINITIALIZED_AUTOS = YES_AGGRESSIVE;
				GCC_WARN_UNUSED_FUNCTION = YES;
				GCC_WARN_UNUSED_VARIABLE = YES;
				MACOSX_DEPLOYMENT_TARGET = 10.10;
				MTL_ENABLE_DEBUG_INFO = YES;
				ONLY_ACTIVE_ARCH = YES;
				SDKROOT = macosx;
			};
			name = Debug;
		};
		B4EBB0201B42560D00B8B398 /* Release */ = {
			isa = XCBuildConfiguration;
			buildSettings = {
				ALWAYS_SEARCH_USER_PATHS = NO;
				CLANG_CXX_LANGUAGE_STANDARD = "gnu++0x";
				CLANG_CXX_LIBRARY = "libc++";
				CLANG_ENABLE_MODULES = YES;
				CLANG_ENABLE_OBJC_ARC = YES;
				CLANG_WARN_BOOL_CONVERSION = YES;
				CLANG_WARN_CONSTANT_CONVERSION = YES;
				CLANG_WARN_DIRECT_OBJC_ISA_USAGE = YES_ERROR;
				CLANG_WARN_EMPTY_BODY = YES;
				CLANG_WARN_ENUM_CONVERSION = YES;
				CLANG_WARN_INT_CONVERSION = YES;
				CLANG_WARN_OBJC_ROOT_CLASS = YES_ERROR;
				CLANG_WARN_UNREACHABLE_CODE = YES;
				CLANG_WARN__DUPLICATE_METHOD_MATCH = YES;
				COPY_PHASE_STRIP = NO;
				DEBUG_INFORMATION_FORMAT = "dwarf-with-dsym";
				ENABLE_NS_ASSERTIONS = NO;
				ENABLE_STRICT_OBJC_MSGSEND = YES;
				GCC_C_LANGUAGE_STANDARD = gnu99;
				GCC_NO_COMMON_BLOCKS = YES;
				GCC_WARN_64_TO_32_BIT_CONVERSION = YES;
				GCC_WARN_ABOUT_RETURN_TYPE = YES_ERROR;
				GCC_WARN_UNDECLARED_SELECTOR = YES;
				GCC_WARN_UNINITIALIZED_AUTOS = YES_AGGRESSIVE;
				GCC_WARN_UNUSED_FUNCTION = YES;
				GCC_WARN_UNUSED_VARIABLE = YES;
				MACOSX_DEPLOYMENT_TARGET = 10.10;
				MTL_ENABLE_DEBUG_INFO = NO;
				SDKROOT = macosx;
			};
			name = Release;
		};
		B4EBB0221B42560D00B8B398 /* Debug */ = {
			isa = XCBuildConfiguration;
			buildSettings = {
				PRODUCT_NAME = "$(TARGET_NAME)";
			};
			name = Debug;
		};
		B4EBB0231B42560D00B8B398 /* Release */ = {
			isa = XCBuildConfiguration;
			buildSettings = {
				PRODUCT_NAME = "$(TARGET_NAME)";
			};
			name = Release;
		};
/* End XCBuildConfiguration section */

/* Begin XCConfigurationList section */
		B4EBB0151B42560C00B8B398 /* Build configuration list for PBXProject "MirrorKit" */ = {
			isa = XCConfigurationList;
			buildConfigurations = (
				B4EBB01F1B42560D00B8B398 /* Debug */,
				B4EBB0201B42560D00B8B398 /* Release */,
			);
			defaultConfigurationIsVisible = 0;
			defaultConfigurationName = Release;
		};
		B4EBB0211B42560D00B8B398 /* Build configuration list for PBXNativeTarget "MirrorKit" */ = {
			isa = XCConfigurationList;
			buildConfigurations = (
				B4EBB0221B42560D00B8B398 /* Debug */,
				B4EBB0231B42560D00B8B398 /* Release */,
			);
			defaultConfigurationIsVisible = 0;
			defaultConfigurationName = Release;
		};
/* End XCConfigurationList section */
	};
	rootObject = B4EBB0121B42560C00B8B398 /* Project object */;
}
