// !$*UTF8*$!
{
	archiveVersion = 1;
	classes = {
	};
	objectVersion = 46;
	objects = {

/* Begin PBXBuildFile section */
		B402DA2C1B5AFBFF00A83E93 /* main.m in Sources */ = {isa = PBXBuildFile; fileRef = B402DA2B1B5AFBFF00A83E93 /* main.m */; };
		B402DA2F1B5AFBFF00A83E93 /* AppDelegate.m in Sources */ = {isa = PBXBuildFile; fileRef = B402DA2E1B5AFBFF00A83E93 /* AppDelegate.m */; };
		B402DA321B5AFBFF00A83E93 /* ViewController.m in Sources */ = {isa = PBXBuildFile; fileRef = B402DA311B5AFBFF00A83E93 /* ViewController.m */; };
		B402DA351B5AFBFF00A83E93 /* Main.storyboard in Resources */ = {isa = PBXBuildFile; fileRef = B402DA331B5AFBFF00A83E93 /* Main.storyboard */; };
		B402DA371B5AFBFF00A83E93 /* Images.xcassets in Resources */ = {isa = PBXBuildFile; fileRef = B402DA361B5AFBFF00A83E93 /* Images.xcassets */; };
		B402DA3A1B5AFBFF00A83E93 /* LaunchScreen.xib in Resources */ = {isa = PBXBuildFile; fileRef = B402DA381B5AFBFF00A83E93 /* LaunchScreen.xib */; };
		B402DA461B5AFBFF00A83E93 /* MirrorKit_iOS_DemoTests.m in Sources */ = {isa = PBXBuildFile; fileRef = B402DA451B5AFBFF00A83E93 /* MirrorKit_iOS_DemoTests.m */; };
		B402DA791B5AFC3C00A83E93 /* NSDictionary+Utilities.m in Sources */ = {isa = PBXBuildFile; fileRef = B402DA531B5AFC3B00A83E93 /* NSDictionary+Utilities.m */; };
		B402DA7A1B5AFC3C00A83E93 /* NSObject+Reflection.m in Sources */ = {isa = PBXBuildFile; fileRef = B402DA551B5AFC3B00A83E93 /* NSObject+Reflection.m */; };
		B402DA7B1B5AFC3C00A83E93 /* NSString+Utilities.m in Sources */ = {isa = PBXBuildFile; fileRef = B402DA571B5AFC3B00A83E93 /* NSString+Utilities.m */; };
		B402DA7C1B5AFC3C00A83E93 /* MKClassBuilder.m in Sources */ = {isa = PBXBuildFile; fileRef = B402DA5A1B5AFC3B00A83E93 /* MKClassBuilder.m */; };
		B402DA7D1B5AFC3C00A83E93 /* MKIVar.m in Sources */ = {isa = PBXBuildFile; fileRef = B402DA5C1B5AFC3B00A83E93 /* MKIVar.m */; };
		B402DA7E1B5AFC3C00A83E93 /* MKMethod.m in Sources */ = {isa = PBXBuildFile; fileRef = B402DA5E1B5AFC3B00A83E93 /* MKMethod.m */; };
		B402DA7F1B5AFC3C00A83E93 /* MKMirror.m in Sources */ = {isa = PBXBuildFile; fileRef = B402DA601B5AFC3B00A83E93 /* MKMirror.m */; };
		B402DA801B5AFC3C00A83E93 /* MKObject.m in Sources */ = {isa = PBXBuildFile; fileRef = B402DA621B5AFC3C00A83E93 /* MKObject.m */; };
		B402DA811B5AFC3C00A83E93 /* MKProperty.m in Sources */ = {isa = PBXBuildFile; fileRef = B402DA641B5AFC3C00A83E93 /* MKProperty.m */; };
		B402DA821B5AFC3C00A83E93 /* MKPropertyAttributes.m in Sources */ = {isa = PBXBuildFile; fileRef = B402DA661B5AFC3C00A83E93 /* MKPropertyAttributes.m */; };
		B402DA831B5AFC3C00A83E93 /* MKProtocol.m in Sources */ = {isa = PBXBuildFile; fileRef = B402DA681B5AFC3C00A83E93 /* MKProtocol.m */; };
		B402DA841B5AFC3C00A83E93 /* MKProtocolBuilder.m in Sources */ = {isa = PBXBuildFile; fileRef = B402DA6A1B5AFC3C00A83E93 /* MKProtocolBuilder.m */; };
		B402DA851B5AFC3C00A83E93 /* MKSimpleMethod.m in Sources */ = {isa = PBXBuildFile; fileRef = B402DA6C1B5AFC3C00A83E93 /* MKSimpleMethod.m */; };
		B402DA871B5AFC3C00A83E93 /* MirrorKit-Constants.m in Sources */ = {isa = PBXBuildFile; fileRef = B402DA701B5AFC3C00A83E93 /* MirrorKit-Constants.m */; };
		B402DA881B5AFC3C00A83E93 /* Test+Categories.m in Sources */ = {isa = PBXBuildFile; fileRef = B402DA731B5AFC3C00A83E93 /* Test+Categories.m */; };
		B402DA891B5AFC3C00A83E93 /* TestChild.m in Sources */ = {isa = PBXBuildFile; fileRef = B402DA751B5AFC3C00A83E93 /* TestChild.m */; };
		B402DA8A1B5AFC3C00A83E93 /* TestRoot.m in Sources */ = {isa = PBXBuildFile; fileRef = B402DA781B5AFC3C00A83E93 /* TestRoot.m */; };
/* End PBXBuildFile section */

/* Begin PBXContainerItemProxy section */
		B402DA401B5AFBFF00A83E93 /* PBXContainerItemProxy */ = {
			isa = PBXContainerItemProxy;
			containerPortal = B402DA1E1B5AFBFF00A83E93 /* Project object */;
			proxyType = 1;
			remoteGlobalIDString = B402DA251B5AFBFF00A83E93;
			remoteInfo = "MirrorKit-iOS-Demo";
		};
/* End PBXContainerItemProxy section */

/* Begin PBXFileReference section */
		B402DA261B5AFBFF00A83E93 /* MirrorKit-iOS-Demo.app */ = {isa = PBXFileReference; explicitFileType = wrapper.application; includeInIndex = 0; path = "MirrorKit-iOS-Demo.app"; sourceTree = BUILT_PRODUCTS_DIR; };
		B402DA2A1B5AFBFF00A83E93 /* Info.plist */ = {isa = PBXFileReference; lastKnownFileType = text.plist.xml; path = Info.plist; sourceTree = "<group>"; };
		B402DA2B1B5AFBFF00A83E93 /* main.m */ = {isa = PBXFileReference; lastKnownFileType = sourcecode.c.objc; path = main.m; sourceTree = "<group>"; };
		B402DA2D1B5AFBFF00A83E93 /* AppDelegate.h */ = {isa = PBXFileReference; lastKnownFileType = sourcecode.c.h; path = AppDelegate.h; sourceTree = "<group>"; };
		B402DA2E1B5AFBFF00A83E93 /* AppDelegate.m */ = {isa = PBXFileReference; lastKnownFileType = sourcecode.c.objc; path = AppDelegate.m; sourceTree = "<group>"; };
		B402DA301B5AFBFF00A83E93 /* ViewController.h */ = {isa = PBXFileReference; lastKnownFileType = sourcecode.c.h; path = ViewController.h; sourceTree = "<group>"; };
		B402DA311B5AFBFF00A83E93 /* ViewController.m */ = {isa = PBXFileReference; lastKnownFileType = sourcecode.c.objc; path = ViewController.m; sourceTree = "<group>"; };
		B402DA341B5AFBFF00A83E93 /* Base */ = {isa = PBXFileReference; lastKnownFileType = file.storyboard; name = Base; path = Base.lproj/Main.storyboard; sourceTree = "<group>"; };
		B402DA361B5AFBFF00A83E93 /* Images.xcassets */ = {isa = PBXFileReference; lastKnownFileType = folder.assetcatalog; path = Images.xcassets; sourceTree = "<group>"; };
		B402DA391B5AFBFF00A83E93 /* Base */ = {isa = PBXFileReference; lastKnownFileType = file.xib; name = Base; path = Base.lproj/LaunchScreen.xib; sourceTree = "<group>"; };
		B402DA3F1B5AFBFF00A83E93 /* MirrorKit-iOS-DemoTests.xctest */ = {isa = PBXFileReference; explicitFileType = wrapper.cfbundle; includeInIndex = 0; path = "MirrorKit-iOS-DemoTests.xctest"; sourceTree = BUILT_PRODUCTS_DIR; };
		B402DA441B5AFBFF00A83E93 /* Info.plist */ = {isa = PBXFileReference; lastKnownFileType = text.plist.xml; path = Info.plist; sourceTree = "<group>"; };
		B402DA451B5AFBFF00A83E93 /* MirrorKit_iOS_DemoTests.m */ = {isa = PBXFileReference; lastKnownFileType = sourcecode.c.objc; path = MirrorKit_iOS_DemoTests.m; sourceTree = "<group>"; };
		B402DA521B5AFC3B00A83E93 /* NSDictionary+Utilities.h */ = {isa = PBXFileReference; fileEncoding = 4; lastKnownFileType = sourcecode.c.h; path = "NSDictionary+Utilities.h"; sourceTree = "<group>"; };
		B402DA531B5AFC3B00A83E93 /* NSDictionary+Utilities.m */ = {isa = PBXFileReference; fileEncoding = 4; lastKnownFileType = sourcecode.c.objc; path = "NSDictionary+Utilities.m"; sourceTree = "<group>"; };
		B402DA541B5AFC3B00A83E93 /* NSObject+Reflection.h */ = {isa = PBXFileReference; fileEncoding = 4; lastKnownFileType = sourcecode.c.h; path = "NSObject+Reflection.h"; sourceTree = "<group>"; };
		B402DA551B5AFC3B00A83E93 /* NSObject+Reflection.m */ = {isa = PBXFileReference; fileEncoding = 4; lastKnownFileType = sourcecode.c.objc; path = "NSObject+Reflection.m"; sourceTree = "<group>"; };
		B402DA561B5AFC3B00A83E93 /* NSString+Utilities.h */ = {isa = PBXFileReference; fileEncoding = 4; lastKnownFileType = sourcecode.c.h; path = "NSString+Utilities.h"; sourceTree = "<group>"; };
		B402DA571B5AFC3B00A83E93 /* NSString+Utilities.m */ = {isa = PBXFileReference; fileEncoding = 4; lastKnownFileType = sourcecode.c.objc; path = "NSString+Utilities.m"; sourceTree = "<group>"; };
		B402DA591B5AFC3B00A83E93 /* MKClassBuilder.h */ = {isa = PBXFileReference; fileEncoding = 4; lastKnownFileType = sourcecode.c.h; path = MKClassBuilder.h; sourceTree = "<group>"; };
		B402DA5A1B5AFC3B00A83E93 /* MKClassBuilder.m */ = {isa = PBXFileReference; fileEncoding = 4; lastKnownFileType = sourcecode.c.objc; path = MKClassBuilder.m; sourceTree = "<group>"; };
		B402DA5B1B5AFC3B00A83E93 /* MKIVar.h */ = {isa = PBXFileReference; fileEncoding = 4; lastKnownFileType = sourcecode.c.h; path = MKIVar.h; sourceTree = "<group>"; };
		B402DA5C1B5AFC3B00A83E93 /* MKIVar.m */ = {isa = PBXFileReference; fileEncoding = 4; lastKnownFileType = sourcecode.c.objc; path = MKIVar.m; sourceTree = "<group>"; };
		B402DA5D1B5AFC3B00A83E93 /* MKMethod.h */ = {isa = PBXFileReference; fileEncoding = 4; lastKnownFileType = sourcecode.c.h; path = MKMethod.h; sourceTree = "<group>"; };
		B402DA5E1B5AFC3B00A83E93 /* MKMethod.m */ = {isa = PBXFileReference; fileEncoding = 4; lastKnownFileType = sourcecode.c.objc; path = MKMethod.m; sourceTree = "<group>"; };
		B402DA5F1B5AFC3B00A83E93 /* MKMirror.h */ = {isa = PBXFileReference; fileEncoding = 4; lastKnownFileType = sourcecode.c.h; path = MKMirror.h; sourceTree = "<group>"; };
		B402DA601B5AFC3B00A83E93 /* MKMirror.m */ = {isa = PBXFileReference; fileEncoding = 4; lastKnownFileType = sourcecode.c.objc; path = MKMirror.m; sourceTree = "<group>"; };
		B402DA611B5AFC3C00A83E93 /* MKObject.h */ = {isa = PBXFileReference; fileEncoding = 4; lastKnownFileType = sourcecode.c.h; path = MKObject.h; sourceTree = "<group>"; };
		B402DA621B5AFC3C00A83E93 /* MKObject.m */ = {isa = PBXFileReference; fileEncoding = 4; lastKnownFileType = sourcecode.c.objc; path = MKObject.m; sourceTree = "<group>"; };
		B402DA631B5AFC3C00A83E93 /* MKProperty.h */ = {isa = PBXFileReference; fileEncoding = 4; lastKnownFileType = sourcecode.c.h; path = MKProperty.h; sourceTree = "<group>"; };
		B402DA641B5AFC3C00A83E93 /* MKProperty.m */ = {isa = PBXFileReference; fileEncoding = 4; lastKnownFileType = sourcecode.c.objc; path = MKProperty.m; sourceTree = "<group>"; };
		B402DA651B5AFC3C00A83E93 /* MKPropertyAttributes.h */ = {isa = PBXFileReference; fileEncoding = 4; lastKnownFileType = sourcecode.c.h; path = MKPropertyAttributes.h; sourceTree = "<group>"; };
		B402DA661B5AFC3C00A83E93 /* MKPropertyAttributes.m */ = {isa = PBXFileReference; fileEncoding = 4; lastKnownFileType = sourcecode.c.objc; path = MKPropertyAttributes.m; sourceTree = "<group>"; };
		B402DA671B5AFC3C00A83E93 /* MKProtocol.h */ = {isa = PBXFileReference; fileEncoding = 4; lastKnownFileType = sourcecode.c.h; path = MKProtocol.h; sourceTree = "<group>"; };
		B402DA681B5AFC3C00A83E93 /* MKProtocol.m */ = {isa = PBXFileReference; fileEncoding = 4; lastKnownFileType = sourcecode.c.objc; path = MKProtocol.m; sourceTree = "<group>"; };
		B402DA691B5AFC3C00A83E93 /* MKProtocolBuilder.h */ = {isa = PBXFileReference; fileEncoding = 4; lastKnownFileType = sourcecode.c.h; path = MKProtocolBuilder.h; sourceTree = "<group>"; };
		B402DA6A1B5AFC3C00A83E93 /* MKProtocolBuilder.m */ = {isa = PBXFileReference; fileEncoding = 4; lastKnownFileType = sourcecode.c.objc; path = MKProtocolBuilder.m; sourceTree = "<group>"; };
		B402DA6B1B5AFC3C00A83E93 /* MKSimpleMethod.h */ = {isa = PBXFileReference; fileEncoding = 4; lastKnownFileType = sourcecode.c.h; path = MKSimpleMethod.h; sourceTree = "<group>"; };
		B402DA6C1B5AFC3C00A83E93 /* MKSimpleMethod.m */ = {isa = PBXFileReference; fileEncoding = 4; lastKnownFileType = sourcecode.c.objc; path = MKSimpleMethod.m; sourceTree = "<group>"; };
		B402DA6F1B5AFC3C00A83E93 /* MirrorKit-Constants.h */ = {isa = PBXFileReference; fileEncoding = 4; lastKnownFileType = sourcecode.c.h; path = "MirrorKit-Constants.h"; sourceTree = "<group>"; };
		B402DA701B5AFC3C00A83E93 /* MirrorKit-Constants.m */ = {isa = PBXFileReference; fileEncoding = 4; lastKnownFileType = sourcecode.c.objc; path = "MirrorKit-Constants.m"; sourceTree = "<group>"; };
		B402DA711B5AFC3C00A83E93 /* MirrorKit.h */ = {isa = PBXFileReference; fileEncoding = 4; lastKnownFileType = sourcecode.c.h; path = MirrorKit.h; sourceTree = "<group>"; };
		B402DA721B5AFC3C00A83E93 /* Test+Categories.h */ = {isa = PBXFileReference; fileEncoding = 4; lastKnownFileType = sourcecode.c.h; path = "Test+Categories.h"; sourceTree = "<group>"; };
		B402DA731B5AFC3C00A83E93 /* Test+Categories.m */ = {isa = PBXFileReference; fileEncoding = 4; lastKnownFileType = sourcecode.c.objc; path = "Test+Categories.m"; sourceTree = "<group>"; };
		B402DA741B5AFC3C00A83E93 /* TestChild.h */ = {isa = PBXFileReference; fileEncoding = 4; lastKnownFileType = sourcecode.c.h; path = TestChild.h; sourceTree = "<group>"; };
		B402DA751B5AFC3C00A83E93 /* TestChild.m */ = {isa = PBXFileReference; fileEncoding = 4; lastKnownFileType = sourcecode.c.objc; path = TestChild.m; sourceTree = "<group>"; };
		B402DA761B5AFC3C00A83E93 /* TestProtocol.h */ = {isa = PBXFileReference; fileEncoding = 4; lastKnownFileType = sourcecode.c.h; path = TestProtocol.h; sourceTree = "<group>"; };
		B402DA771B5AFC3C00A83E93 /* TestRoot.h */ = {isa = PBXFileReference; fileEncoding = 4; lastKnownFileType = sourcecode.c.h; path = TestRoot.h; sourceTree = "<group>"; };
		B402DA781B5AFC3C00A83E93 /* TestRoot.m */ = {isa = PBXFileReference; fileEncoding = 4; lastKnownFileType = sourcecode.c.objc; path = TestRoot.m; sourceTree = "<group>"; };
/* End PBXFileReference section */

/* Begin PBXFrameworksBuildPhase section */
		B402DA231B5AFBFF00A83E93 /* Frameworks */ = {
			isa = PBXFrameworksBuildPhase;
			buildActionMask = 2147483647;
			files = (
			);
			runOnlyForDeploymentPostprocessing = 0;
		};
		B402DA3C1B5AFBFF00A83E93 /* Frameworks */ = {
			isa = PBXFrameworksBuildPhase;
			buildActionMask = 2147483647;
			files = (
			);
			runOnlyForDeploymentPostprocessing = 0;
		};
/* End PBXFrameworksBuildPhase section */

/* Begin PBXGroup section */
		B402DA1D1B5AFBFF00A83E93 = {
			isa = PBXGroup;
			children = (
				B402DA281B5AFBFF00A83E93 /* MirrorKit-iOS-Demo */,
				B402DA421B5AFBFF00A83E93 /* MirrorKit-iOS-DemoTests */,
				B402DA271B5AFBFF00A83E93 /* Products */,
			);
			sourceTree = "<group>";
		};
		B402DA271B5AFBFF00A83E93 /* Products */ = {
			isa = PBXGroup;
			children = (
				B402DA261B5AFBFF00A83E93 /* MirrorKit-iOS-Demo.app */,
				B402DA3F1B5AFBFF00A83E93 /* MirrorKit-iOS-DemoTests.xctest */,
			);
			name = Products;
			sourceTree = "<group>";
		};
		B402DA281B5AFBFF00A83E93 /* MirrorKit-iOS-Demo */ = {
			isa = PBXGroup;
			children = (
				B402DA501B5AFC3B00A83E93 /* MirrorKit */,
				B402DA4F1B5AFC2400A83E93 /* App stuff, untouched */,
				B402DA291B5AFBFF00A83E93 /* Supporting Files */,
			);
			path = "MirrorKit-iOS-Demo";
			sourceTree = "<group>";
		};
		B402DA291B5AFBFF00A83E93 /* Supporting Files */ = {
			isa = PBXGroup;
			children = (
				B402DA2A1B5AFBFF00A83E93 /* Info.plist */,
				B402DA2B1B5AFBFF00A83E93 /* main.m */,
			);
			name = "Supporting Files";
			sourceTree = "<group>";
		};
		B402DA421B5AFBFF00A83E93 /* MirrorKit-iOS-DemoTests */ = {
			isa = PBXGroup;
			children = (
				B402DA451B5AFBFF00A83E93 /* MirrorKit_iOS_DemoTests.m */,
				B402DA431B5AFBFF00A83E93 /* Supporting Files */,
			);
			path = "MirrorKit-iOS-DemoTests";
			sourceTree = "<group>";
		};
		B402DA431B5AFBFF00A83E93 /* Supporting Files */ = {
			isa = PBXGroup;
			children = (
				B402DA441B5AFBFF00A83E93 /* Info.plist */,
			);
			name = "Supporting Files";
			sourceTree = "<group>";
		};
		B402DA4F1B5AFC2400A83E93 /* App stuff, untouched */ = {
			isa = PBXGroup;
			children = (
				B402DA2D1B5AFBFF00A83E93 /* AppDelegate.h */,
				B402DA2E1B5AFBFF00A83E93 /* AppDelegate.m */,
				B402DA301B5AFBFF00A83E93 /* ViewController.h */,
				B402DA311B5AFBFF00A83E93 /* ViewController.m */,
				B402DA331B5AFBFF00A83E93 /* Main.storyboard */,
				B402DA361B5AFBFF00A83E93 /* Images.xcassets */,
				B402DA381B5AFBFF00A83E93 /* LaunchScreen.xib */,
			);
			name = "App stuff, untouched";
			sourceTree = "<group>";
		};
		B402DA501B5AFC3B00A83E93 /* MirrorKit */ = {
			isa = PBXGroup;
			children = (
				B402DA511B5AFC3B00A83E93 /* Categories */,
				B402DA581B5AFC3B00A83E93 /* Classes */,
				B402DA6D1B5AFC3C00A83E93 /* Dependencies */,
				B402DA6F1B5AFC3C00A83E93 /* MirrorKit-Constants.h */,
				B402DA701B5AFC3C00A83E93 /* MirrorKit-Constants.m */,
				B402DA711B5AFC3C00A83E93 /* MirrorKit.h */,
				B402DA721B5AFC3C00A83E93 /* Test+Categories.h */,
				B402DA731B5AFC3C00A83E93 /* Test+Categories.m */,
				B402DA741B5AFC3C00A83E93 /* TestChild.h */,
				B402DA751B5AFC3C00A83E93 /* TestChild.m */,
				B402DA761B5AFC3C00A83E93 /* TestProtocol.h */,
				B402DA771B5AFC3C00A83E93 /* TestRoot.h */,
				B402DA781B5AFC3C00A83E93 /* TestRoot.m */,
			);
			name = MirrorKit;
			path = ../../MirrorKit;
			sourceTree = "<group>";
		};
		B402DA511B5AFC3B00A83E93 /* Categories */ = {
			isa = PBXGroup;
			children = (
				B402DA521B5AFC3B00A83E93 /* NSDictionary+Utilities.h */,
				B402DA531B5AFC3B00A83E93 /* NSDictionary+Utilities.m */,
				B402DA541B5AFC3B00A83E93 /* NSObject+Reflection.h */,
				B402DA551B5AFC3B00A83E93 /* NSObject+Reflection.m */,
				B402DA561B5AFC3B00A83E93 /* NSString+Utilities.h */,
				B402DA571B5AFC3B00A83E93 /* NSString+Utilities.m */,
			);
			path = Categories;
			sourceTree = "<group>";
		};
		B402DA581B5AFC3B00A83E93 /* Classes */ = {
			isa = PBXGroup;
			children = (
				B402DA591B5AFC3B00A83E93 /* MKClassBuilder.h */,
				B402DA5A1B5AFC3B00A83E93 /* MKClassBuilder.m */,
				B402DA5B1B5AFC3B00A83E93 /* MKIVar.h */,
				B402DA5C1B5AFC3B00A83E93 /* MKIVar.m */,
				B402DA5D1B5AFC3B00A83E93 /* MKMethod.h */,
				B402DA5E1B5AFC3B00A83E93 /* MKMethod.m */,
				B402DA5F1B5AFC3B00A83E93 /* MKMirror.h */,
				B402DA601B5AFC3B00A83E93 /* MKMirror.m */,
				B402DA611B5AFC3C00A83E93 /* MKObject.h */,
				B402DA621B5AFC3C00A83E93 /* MKObject.m */,
				B402DA631B5AFC3C00A83E93 /* MKProperty.h */,
				B402DA641B5AFC3C00A83E93 /* MKProperty.m */,
				B402DA651B5AFC3C00A83E93 /* MKPropertyAttributes.h */,
				B402DA661B5AFC3C00A83E93 /* MKPropertyAttributes.m */,
				B402DA671B5AFC3C00A83E93 /* MKProtocol.h */,
				B402DA681B5AFC3C00A83E93 /* MKProtocol.m */,
				B402DA691B5AFC3C00A83E93 /* MKProtocolBuilder.h */,
				B402DA6A1B5AFC3C00A83E93 /* MKProtocolBuilder.m */,
				B402DA6B1B5AFC3C00A83E93 /* MKSimpleMethod.h */,
				B402DA6C1B5AFC3C00A83E93 /* MKSimpleMethod.m */,
			);
			path = Classes;
			sourceTree = "<group>";
		};
		B402DA6D1B5AFC3C00A83E93 /* Dependencies */ = {
			isa = PBXGroup;
			children = (
			);
			path = Dependencies;
			sourceTree = "<group>";
		};
/* End PBXGroup section */

/* Begin PBXNativeTarget section */
		B402DA251B5AFBFF00A83E93 /* MirrorKit-iOS-Demo */ = {
			isa = PBXNativeTarget;
			buildConfigurationList = B402DA491B5AFBFF00A83E93 /* Build configuration list for PBXNativeTarget "MirrorKit-iOS-Demo" */;
			buildPhases = (
				B402DA221B5AFBFF00A83E93 /* Sources */,
				B402DA231B5AFBFF00A83E93 /* Frameworks */,
				B402DA241B5AFBFF00A83E93 /* Resources */,
			);
			buildRules = (
			);
			dependencies = (
			);
			name = "MirrorKit-iOS-Demo";
			productName = "MirrorKit-iOS-Demo";
			productReference = B402DA261B5AFBFF00A83E93 /* MirrorKit-iOS-Demo.app */;
			productType = "com.apple.product-type.application";
		};
		B402DA3E1B5AFBFF00A83E93 /* MirrorKit-iOS-DemoTests */ = {
			isa = PBXNativeTarget;
			buildConfigurationList = B402DA4C1B5AFBFF00A83E93 /* Build configuration list for PBXNativeTarget "MirrorKit-iOS-DemoTests" */;
			buildPhases = (
				B402DA3B1B5AFBFF00A83E93 /* Sources */,
				B402DA3C1B5AFBFF00A83E93 /* Frameworks */,
				B402DA3D1B5AFBFF00A83E93 /* Resources */,
			);
			buildRules = (
			);
			dependencies = (
				B402DA411B5AFBFF00A83E93 /* PBXTargetDependency */,
			);
			name = "MirrorKit-iOS-DemoTests";
			productName = "MirrorKit-iOS-DemoTests";
			productReference = B402DA3F1B5AFBFF00A83E93 /* MirrorKit-iOS-DemoTests.xctest */;
			productType = "com.apple.product-type.bundle.unit-test";
		};
/* End PBXNativeTarget section */

/* Begin PBXProject section */
		B402DA1E1B5AFBFF00A83E93 /* Project object */ = {
			isa = PBXProject;
			attributes = {
				LastUpgradeCheck = 0630;
				ORGANIZATIONNAME = "Tanner Bennett";
				TargetAttributes = {
					B402DA251B5AFBFF00A83E93 = {
						CreatedOnToolsVersion = 6.3.1;
					};
					B402DA3E1B5AFBFF00A83E93 = {
						CreatedOnToolsVersion = 6.3.1;
						TestTargetID = B402DA251B5AFBFF00A83E93;
					};
				};
			};
			buildConfigurationList = B402DA211B5AFBFF00A83E93 /* Build configuration list for PBXProject "MirrorKit-iOS-Demo" */;
			compatibilityVersion = "Xcode 3.2";
			developmentRegion = English;
			hasScannedForEncodings = 0;
			knownRegions = (
				en,
				Base,
			);
			mainGroup = B402DA1D1B5AFBFF00A83E93;
			productRefGroup = B402DA271B5AFBFF00A83E93 /* Products */;
			projectDirPath = "";
			projectRoot = "";
			targets = (
				B402DA251B5AFBFF00A83E93 /* MirrorKit-iOS-Demo */,
				B402DA3E1B5AFBFF00A83E93 /* MirrorKit-iOS-DemoTests */,
			);
		};
/* End PBXProject section */

/* Begin PBXResourcesBuildPhase section */
		B402DA241B5AFBFF00A83E93 /* Resources */ = {
			isa = PBXResourcesBuildPhase;
			buildActionMask = 2147483647;
			files = (
				B402DA351B5AFBFF00A83E93 /* Main.storyboard in Resources */,
				B402DA3A1B5AFBFF00A83E93 /* LaunchScreen.xib in Resources */,
				B402DA371B5AFBFF00A83E93 /* Images.xcassets in Resources */,
			);
			runOnlyForDeploymentPostprocessing = 0;
		};
		B402DA3D1B5AFBFF00A83E93 /* Resources */ = {
			isa = PBXResourcesBuildPhase;
			buildActionMask = 2147483647;
			files = (
			);
			runOnlyForDeploymentPostprocessing = 0;
		};
/* End PBXResourcesBuildPhase section */

/* Begin PBXSourcesBuildPhase section */
		B402DA221B5AFBFF00A83E93 /* Sources */ = {
			isa = PBXSourcesBuildPhase;
			buildActionMask = 2147483647;
			files = (
				B402DA7E1B5AFC3C00A83E93 /* MKMethod.m in Sources */,
				B402DA321B5AFBFF00A83E93 /* ViewController.m in Sources */,
				B402DA791B5AFC3C00A83E93 /* NSDictionary+Utilities.m in Sources */,
				B402DA801B5AFC3C00A83E93 /* MKObject.m in Sources */,
				B402DA8A1B5AFC3C00A83E93 /* TestRoot.m in Sources */,
				B402DA811B5AFC3C00A83E93 /* MKProperty.m in Sources */,
				B402DA871B5AFC3C00A83E93 /* MirrorKit-Constants.m in Sources */,
				B402DA891B5AFC3C00A83E93 /* TestChild.m in Sources */,
				B402DA7C1B5AFC3C00A83E93 /* MKClassBuilder.m in Sources */,
				B402DA7B1B5AFC3C00A83E93 /* NSString+Utilities.m in Sources */,
				B402DA821B5AFC3C00A83E93 /* MKPropertyAttributes.m in Sources */,
				B402DA2F1B5AFBFF00A83E93 /* AppDelegate.m in Sources */,
				B402DA841B5AFC3C00A83E93 /* MKProtocolBuilder.m in Sources */,
				B402DA831B5AFC3C00A83E93 /* MKProtocol.m in Sources */,
				B402DA7F1B5AFC3C00A83E93 /* MKMirror.m in Sources */,
				B402DA7D1B5AFC3C00A83E93 /* MKIVar.m in Sources */,
				B402DA2C1B5AFBFF00A83E93 /* main.m in Sources */,
				B402DA851B5AFC3C00A83E93 /* MKSimpleMethod.m in Sources */,
				B402DA7A1B5AFC3C00A83E93 /* NSObject+Reflection.m in Sources */,
				B402DA881B5AFC3C00A83E93 /* Test+Categories.m in Sources */,
			);
			runOnlyForDeploymentPostprocessing = 0;
		};
		B402DA3B1B5AFBFF00A83E93 /* Sources */ = {
			isa = PBXSourcesBuildPhase;
			buildActionMask = 2147483647;
			files = (
				B402DA461B5AFBFF00A83E93 /* MirrorKit_iOS_DemoTests.m in Sources */,
			);
			runOnlyForDeploymentPostprocessing = 0;
		};
/* End PBXSourcesBuildPhase section */

/* Begin PBXTargetDependency section */
		B402DA411B5AFBFF00A83E93 /* PBXTargetDependency */ = {
			isa = PBXTargetDependency;
			target = B402DA251B5AFBFF00A83E93 /* MirrorKit-iOS-Demo */;
			targetProxy = B402DA401B5AFBFF00A83E93 /* PBXContainerItemProxy */;
		};
/* End PBXTargetDependency section */

/* Begin PBXVariantGroup section */
		B402DA331B5AFBFF00A83E93 /* Main.storyboard */ = {
			isa = PBXVariantGroup;
			children = (
				B402DA341B5AFBFF00A83E93 /* Base */,
			);
			name = Main.storyboard;
			sourceTree = "<group>";
		};
		B402DA381B5AFBFF00A83E93 /* LaunchScreen.xib */ = {
			isa = PBXVariantGroup;
			children = (
				B402DA391B5AFBFF00A83E93 /* Base */,
			);
			name = LaunchScreen.xib;
			sourceTree = "<group>";
		};
/* End PBXVariantGroup section */

/* Begin XCBuildConfiguration section */
		B402DA471B5AFBFF00A83E93 /* Debug */ = {
			isa = XCBuildConfiguration;
			buildSettings = {
				ALWAYS_SEARCH_USER_PATHS = NO;
				CLANG_CXX_LANGUAGE_STANDARD = "gnu++0x";
				CLANG_CXX_LIBRARY = "libc++";
				CLANG_ENABLE_MODULES = YES;
				CLANG_ENABLE_OBJC_ARC = YES;
				CLANG_WARN_BOOL_CONVERSION = YES;
				CLANG_WARN_CONSTANT_CONVERSION = YES;
				CLANG_WARN_DIRECT_OBJC_ISA_USAGE = YES_ERROR;
				CLANG_WARN_EMPTY_BODY = YES;
				CLANG_WARN_ENUM_CONVERSION = YES;
				CLANG_WARN_INT_CONVERSION = YES;
				CLANG_WARN_OBJC_ROOT_CLASS = YES_ERROR;
				CLANG_WARN_UNREACHABLE_CODE = YES;
				CLANG_WARN__DUPLICATE_METHOD_MATCH = YES;
				"CODE_SIGN_IDENTITY[sdk=iphoneos*]" = "iPhone Developer";
				COPY_PHASE_STRIP = NO;
				DEBUG_INFORMATION_FORMAT = "dwarf-with-dsym";
				ENABLE_STRICT_OBJC_MSGSEND = YES;
				GCC_C_LANGUAGE_STANDARD = gnu99;
				GCC_DYNAMIC_NO_PIC = NO;
				GCC_NO_COMMON_BLOCKS = YES;
				GCC_OPTIMIZATION_LEVEL = 0;
				GCC_PREPROCESSOR_DEFINITIONS = (
					"DEBUG=1",
					"$(inherited)",
				);
				GCC_SYMBOLS_PRIVATE_EXTERN = NO;
				GCC_WARN_64_TO_32_BIT_CONVERSION = YES;
				GCC_WARN_ABOUT_RETURN_TYPE = YES_ERROR;
				GCC_WARN_UNDECLARED_SELECTOR = YES;
				GCC_WARN_UNINITIALIZED_AUTOS = YES_AGGRESSIVE;
				GCC_WARN_UNUSED_FUNCTION = YES;
				GCC_WARN_UNUSED_VARIABLE = YES;
				IPHONEOS_DEPLOYMENT_TARGET = 8.3;
				MTL_ENABLE_DEBUG_INFO = YES;
				ONLY_ACTIVE_ARCH = YES;
				SDKROOT = iphoneos;
			};
			name = Debug;
		};
		B402DA481B5AFBFF00A83E93 /* Release */ = {
			isa = XCBuildConfiguration;
			buildSettings = {
				ALWAYS_SEARCH_USER_PATHS = NO;
				CLANG_CXX_LANGUAGE_STANDARD = "gnu++0x";
				CLANG_CXX_LIBRARY = "libc++";
				CLANG_ENABLE_MODULES = YES;
				CLANG_ENABLE_OBJC_ARC = YES;
				CLANG_WARN_BOOL_CONVERSION = YES;
				CLANG_WARN_CONSTANT_CONVERSION = YES;
				CLANG_WARN_DIRECT_OBJC_ISA_USAGE = YES_ERROR;
				CLANG_WARN_EMPTY_BODY = YES;
				CLANG_WARN_ENUM_CONVERSION = YES;
				CLANG_WARN_INT_CONVERSION = YES;
				CLANG_WARN_OBJC_ROOT_CLASS = YES_ERROR;
				CLANG_WARN_UNREACHABLE_CODE = YES;
				CLANG_WARN__DUPLICATE_METHOD_MATCH = YES;
				"CODE_SIGN_IDENTITY[sdk=iphoneos*]" = "iPhone Developer";
				COPY_PHASE_STRIP = NO;
				DEBUG_INFORMATION_FORMAT = "dwarf-with-dsym";
				ENABLE_NS_ASSERTIONS = NO;
				ENABLE_STRICT_OBJC_MSGSEND = YES;
				GCC_C_LANGUAGE_STANDARD = gnu99;
				GCC_NO_COMMON_BLOCKS = YES;
				GCC_WARN_64_TO_32_BIT_CONVERSION = YES;
				GCC_WARN_ABOUT_RETURN_TYPE = YES_ERROR;
				GCC_WARN_UNDECLARED_SELECTOR = YES;
				GCC_WARN_UNINITIALIZED_AUTOS = YES_AGGRESSIVE;
				GCC_WARN_UNUSED_FUNCTION = YES;
				GCC_WARN_UNUSED_VARIABLE = YES;
				IPHONEOS_DEPLOYMENT_TARGET = 8.3;
				MTL_ENABLE_DEBUG_INFO = NO;
				SDKROOT = iphoneos;
				VALIDATE_PRODUCT = YES;
			};
			name = Release;
		};
		B402DA4A1B5AFBFF00A83E93 /* Debug */ = {
			isa = XCBuildConfiguration;
			buildSettings = {
				ASSETCATALOG_COMPILER_APPICON_NAME = AppIcon;
				INFOPLIST_FILE = "MirrorKit-iOS-Demo/Info.plist";
				LD_RUNPATH_SEARCH_PATHS = "$(inherited) @executable_path/Frameworks";
				PRODUCT_NAME = "$(TARGET_NAME)";
			};
			name = Debug;
		};
		B402DA4B1B5AFBFF00A83E93 /* Release */ = {
			isa = XCBuildConfiguration;
			buildSettings = {
				ASSETCATALOG_COMPILER_APPICON_NAME = AppIcon;
				INFOPLIST_FILE = "MirrorKit-iOS-Demo/Info.plist";
				LD_RUNPATH_SEARCH_PATHS = "$(inherited) @executable_path/Frameworks";
				PRODUCT_NAME = "$(TARGET_NAME)";
			};
			name = Release;
		};
		B402DA4D1B5AFBFF00A83E93 /* Debug */ = {
			isa = XCBuildConfiguration;
			buildSettings = {
				BUNDLE_LOADER = "$(TEST_HOST)";
				FRAMEWORK_SEARCH_PATHS = (
					"$(SDKROOT)/Developer/Library/Frameworks",
					"$(inherited)",
				);
				GCC_PREPROCESSOR_DEFINITIONS = (
					"DEBUG=1",
					"$(inherited)",
				);
				INFOPLIST_FILE = "MirrorKit-iOS-DemoTests/Info.plist";
				LD_RUNPATH_SEARCH_PATHS = "$(inherited) @executable_path/Frameworks @loader_path/Frameworks";
				PRODUCT_NAME = "$(TARGET_NAME)";
				TEST_HOST = "$(BUILT_PRODUCTS_DIR)/MirrorKit-iOS-Demo.app/MirrorKit-iOS-Demo";
			};
			name = Debug;
		};
		B402DA4E1B5AFBFF00A83E93 /* Release */ = {
			isa = XCBuildConfiguration;
			buildSettings = {
				BUNDLE_LOADER = "$(TEST_HOST)";
				FRAMEWORK_SEARCH_PATHS = (
					"$(SDKROOT)/Developer/Library/Frameworks",
					"$(inherited)",
				);
				INFOPLIST_FILE = "MirrorKit-iOS-DemoTests/Info.plist";
				LD_RUNPATH_SEARCH_PATHS = "$(inherited) @executable_path/Frameworks @loader_path/Frameworks";
				PRODUCT_NAME = "$(TARGET_NAME)";
				TEST_HOST = "$(BUILT_PRODUCTS_DIR)/MirrorKit-iOS-Demo.app/MirrorKit-iOS-Demo";
			};
			name = Release;
		};
/* End XCBuildConfiguration section */

/* Begin XCConfigurationList section */
		B402DA211B5AFBFF00A83E93 /* Build configuration list for PBXProject "MirrorKit-iOS-Demo" */ = {
			isa = XCConfigurationList;
			buildConfigurations = (
				B402DA471B5AFBFF00A83E93 /* Debug */,
				B402DA481B5AFBFF00A83E93 /* Release */,
			);
			defaultConfigurationIsVisible = 0;
			defaultConfigurationName = Release;
		};
		B402DA491B5AFBFF00A83E93 /* Build configuration list for PBXNativeTarget "MirrorKit-iOS-Demo" */ = {
			isa = XCConfigurationList;
			buildConfigurations = (
				B402DA4A1B5AFBFF00A83E93 /* Debug */,
				B402DA4B1B5AFBFF00A83E93 /* Release */,
			);
			defaultConfigurationIsVisible = 0;
		};
		B402DA4C1B5AFBFF00A83E93 /* Build configuration list for PBXNativeTarget "MirrorKit-iOS-DemoTests" */ = {
			isa = XCConfigurationList;
			buildConfigurations = (
				B402DA4D1B5AFBFF00A83E93 /* Debug */,
				B402DA4E1B5AFBFF00A83E93 /* Release */,
			);
			defaultConfigurationIsVisible = 0;
		};
/* End XCConfigurationList section */
	};
	rootObject = B402DA1E1B5AFBFF00A83E93 /* Project object */;
}
